
Microsoft Visual Studio Solution File, Format Version 12.00
# Visual Studio 2013
VisualStudioVersion = 12.0.21005.1
MinimumVisualStudioVersion = 10.0.40219.1
Project("{8BC9CEB8-8B4A-11D0-8D11-00A0C91BC942}") = "将数组A中的内容和数组B中的内容进行交换。（数组一样大）", "将数组A中的内容和数组B中的内容进行交换。（数组一样大）\将数组A中的内容和数组B中的内容进行交换。（数组一样大）.vcxproj", "{3E38028B-7E1F-4B68-9FF5-3944E0EA9B6D}"
EndProject
Global
	GlobalSection(SolutionConfigurationPlatforms) = preSolution
		Debug|Win32 = Debug|Win32
		Release|Win32 = Release|Win32
	EndGlobalSection
	GlobalSection(ProjectConfigurationPlatforms) = postSolution
		{3E38028B-7E1F-4B68-9FF5-3944E0EA9B6D}.Debug|Win32.ActiveCfg = Debug|Win32
		{3E38028B-7E1F-4B68-9FF5-3944E0EA9B6D}.Debug|Win32.Build.0 = Debug|Win32
		{3E38028B-7E1F-4B68-9FF5-3944E0EA9B6D}.Release|Win32.ActiveCfg = Release|Win32
		{3E38028B-7E1F-4B68-9FF5-3944E0EA9B6D}.Release|Win32.Build.0 = Release|Win32
	EndGlobalSection
	GlobalSection(SolutionProperties) = preSolution
		HideSolutionNode = FALSE
	EndGlobalSection
EndGlobal
